
Microsoft Visual Studio Solution File, Format Version 12.00
Project("{FAE04EC0-301F-11D3-BF4B-00C04F79EFBC}") = "ElasticClient", "ElasticClient\ElasticClient.csproj", "{65DF2084-5B6F-4EBF-830D-0B253369A023}"
EndProject
Project("{FAE04EC0-301F-11D3-BF4B-00C04F79EFBC}") = "Processors.Api", "Processors.Api\Processors.Api.csproj", "{EC9613FE-E0A6-41DB-A688-CEE163A1604C}"
EndProject
Project("{FAE04EC0-301F-11D3-BF4B-00C04F79EFBC}") = "SuperAgent", "SuperAgent\SuperAgent.csproj", "{44159E21-A3EC-491D-A98B-FDFFB4D13A50}"
EndProject
Project("{FAE04EC0-301F-11D3-BF4B-00C04F79EFBC}") = "ElasticProcessor", "ElasticProcessor\ElasticProcessor.csproj", "{F6D20652-ADB3-4E24-A94E-4BEDCFD6D98E}"
EndProject
Project("{2150E333-8FDC-42A3-9474-1A3956D46DE8}") = "Connectors", "Connectors", "{0D6F2CC1-60AD-4B5C-9182-1EA16F2BEC4E}"
EndProject
Project("{FAE04EC0-301F-11D3-BF4B-00C04F79EFBC}") = "Connector", "Connector\Connector.csproj", "{EFAD42FF-5E3F-4AE2-9B9A-2A0CBA5CCF7B}"
EndProject
Project("{2150E333-8FDC-42A3-9474-1A3956D46DE8}") = "Processors", "Processors", "{FD3908B5-B45E-42FC-94DB-35328ED1BA35}"
EndProject
Project("{2150E333-8FDC-42A3-9474-1A3956D46DE8}") = "Libs", "Libs", "{DF66FFF7-269C-4787-B1FF-77BB3B522990}"
EndProject
Project("{2150E333-8FDC-42A3-9474-1A3956D46DE8}") = "IOServices", "IOServices", "{4D42474F-1CF6-4D04-8410-D8F59193A70D}"
EndProject
Project("{FAE04EC0-301F-11D3-BF4B-00C04F79EFBC}") = "InputServices", "InputServices\InputServices.csproj", "{AE4E272E-DEEF-4C06-919F-CE9FA04ECCB0}"
EndProject
Project("{FAE04EC0-301F-11D3-BF4B-00C04F79EFBC}") = "OuputServices", "OuputServices\OuputServices.csproj", "{154191CC-2786-42E2-BCB2-81A0C691FEDF}"
EndProject
Project("{FAE04EC0-301F-11D3-BF4B-00C04F79EFBC}") = "InputServices.Api", "InputServices.Api\InputServices.Api.csproj", "{FB6EF135-4044-4886-8334-CD63ABA88149}"
EndProject
Project("{FAE04EC0-301F-11D3-BF4B-00C04F79EFBC}") = "OuputServices.Api", "OuputServices.Api\OuputServices.Api.csproj", "{1D31D5B6-E875-4093-B313-C80765FFE711}"
EndProject
Project("{2150E333-8FDC-42A3-9474-1A3956D46DE8}") = "Localization", "Localization", "{025F07F2-C7D2-4778-BA52-02293C3C1F9E}"
EndProject
Project("{FAE04EC0-301F-11D3-BF4B-00C04F79EFBC}") = "Localization", "Localization\Localization.csproj", "{4551AD2C-0945-4E8F-9E64-AD734E154501}"
EndProject
Project("{2150E333-8FDC-42A3-9474-1A3956D46DE8}") = "Tests", "Tests", "{0AF3DEC9-F01F-42FC-BFE9-87D06B556415}"
EndProject
Project("{FAE04EC0-301F-11D3-BF4B-00C04F79EFBC}") = "Connectors.Test", "Connectors.Test\Connectors.Test.csproj", "{E1A11EEE-83E0-468A-B2A8-AD777DA60896}"
EndProject
Global
	GlobalSection(SolutionConfigurationPlatforms) = preSolution
		Debug|Any CPU = Debug|Any CPU
		Release|Any CPU = Release|Any CPU
	EndGlobalSection
	GlobalSection(ProjectConfigurationPlatforms) = postSolution
		{65DF2084-5B6F-4EBF-830D-0B253369A023}.Debug|Any CPU.ActiveCfg = Debug|Any CPU
		{65DF2084-5B6F-4EBF-830D-0B253369A023}.Debug|Any CPU.Build.0 = Debug|Any CPU
		{65DF2084-5B6F-4EBF-830D-0B253369A023}.Release|Any CPU.ActiveCfg = Release|Any CPU
		{65DF2084-5B6F-4EBF-830D-0B253369A023}.Release|Any CPU.Build.0 = Release|Any CPU
		{EC9613FE-E0A6-41DB-A688-CEE163A1604C}.Debug|Any CPU.ActiveCfg = Debug|Any CPU
		{EC9613FE-E0A6-41DB-A688-CEE163A1604C}.Debug|Any CPU.Build.0 = Debug|Any CPU
		{EC9613FE-E0A6-41DB-A688-CEE163A1604C}.Release|Any CPU.ActiveCfg = Release|Any CPU
		{EC9613FE-E0A6-41DB-A688-CEE163A1604C}.Release|Any CPU.Build.0 = Release|Any CPU
		{44159E21-A3EC-491D-A98B-FDFFB4D13A50}.Debug|Any CPU.ActiveCfg = Debug|Any CPU
		{44159E21-A3EC-491D-A98B-FDFFB4D13A50}.Debug|Any CPU.Build.0 = Debug|Any CPU
		{44159E21-A3EC-491D-A98B-FDFFB4D13A50}.Release|Any CPU.ActiveCfg = Release|Any CPU
		{44159E21-A3EC-491D-A98B-FDFFB4D13A50}.Release|Any CPU.Build.0 = Release|Any CPU
		{F6D20652-ADB3-4E24-A94E-4BEDCFD6D98E}.Debug|Any CPU.ActiveCfg = Debug|Any CPU
		{F6D20652-ADB3-4E24-A94E-4BEDCFD6D98E}.Debug|Any CPU.Build.0 = Debug|Any CPU
		{F6D20652-ADB3-4E24-A94E-4BEDCFD6D98E}.Release|Any CPU.ActiveCfg = Release|Any CPU
		{F6D20652-ADB3-4E24-A94E-4BEDCFD6D98E}.Release|Any CPU.Build.0 = Release|Any CPU
		{EFAD42FF-5E3F-4AE2-9B9A-2A0CBA5CCF7B}.Debug|Any CPU.ActiveCfg = Debug|Any CPU
		{EFAD42FF-5E3F-4AE2-9B9A-2A0CBA5CCF7B}.Debug|Any CPU.Build.0 = Debug|Any CPU
		{EFAD42FF-5E3F-4AE2-9B9A-2A0CBA5CCF7B}.Release|Any CPU.ActiveCfg = Release|Any CPU
		{EFAD42FF-5E3F-4AE2-9B9A-2A0CBA5CCF7B}.Release|Any CPU.Build.0 = Release|Any CPU
		{AE4E272E-DEEF-4C06-919F-CE9FA04ECCB0}.Debug|Any CPU.ActiveCfg = Debug|Any CPU
		{AE4E272E-DEEF-4C06-919F-CE9FA04ECCB0}.Debug|Any CPU.Build.0 = Debug|Any CPU
		{AE4E272E-DEEF-4C06-919F-CE9FA04ECCB0}.Release|Any CPU.ActiveCfg = Release|Any CPU
		{AE4E272E-DEEF-4C06-919F-CE9FA04ECCB0}.Release|Any CPU.Build.0 = Release|Any CPU
		{154191CC-2786-42E2-BCB2-81A0C691FEDF}.Debug|Any CPU.ActiveCfg = Debug|Any CPU
		{154191CC-2786-42E2-BCB2-81A0C691FEDF}.Debug|Any CPU.Build.0 = Debug|Any CPU
		{154191CC-2786-42E2-BCB2-81A0C691FEDF}.Release|Any CPU.ActiveCfg = Release|Any CPU
		{154191CC-2786-42E2-BCB2-81A0C691FEDF}.Release|Any CPU.Build.0 = Release|Any CPU
		{FB6EF135-4044-4886-8334-CD63ABA88149}.Debug|Any CPU.ActiveCfg = Debug|Any CPU
		{FB6EF135-4044-4886-8334-CD63ABA88149}.Debug|Any CPU.Build.0 = Debug|Any CPU
		{FB6EF135-4044-4886-8334-CD63ABA88149}.Release|Any CPU.ActiveCfg = Release|Any CPU
		{FB6EF135-4044-4886-8334-CD63ABA88149}.Release|Any CPU.Build.0 = Release|Any CPU
		{1D31D5B6-E875-4093-B313-C80765FFE711}.Debug|Any CPU.ActiveCfg = Debug|Any CPU
		{1D31D5B6-E875-4093-B313-C80765FFE711}.Debug|Any CPU.Build.0 = Debug|Any CPU
		{1D31D5B6-E875-4093-B313-C80765FFE711}.Release|Any CPU.ActiveCfg = Release|Any CPU
		{1D31D5B6-E875-4093-B313-C80765FFE711}.Release|Any CPU.Build.0 = Release|Any CPU
		{4551AD2C-0945-4E8F-9E64-AD734E154501}.Debug|Any CPU.ActiveCfg = Debug|Any CPU
		{4551AD2C-0945-4E8F-9E64-AD734E154501}.Debug|Any CPU.Build.0 = Debug|Any CPU
		{4551AD2C-0945-4E8F-9E64-AD734E154501}.Release|Any CPU.ActiveCfg = Release|Any CPU
		{4551AD2C-0945-4E8F-9E64-AD734E154501}.Release|Any CPU.Build.0 = Release|Any CPU
		{E1A11EEE-83E0-468A-B2A8-AD777DA60896}.Debug|Any CPU.ActiveCfg = Debug|Any CPU
		{E1A11EEE-83E0-468A-B2A8-AD777DA60896}.Debug|Any CPU.Build.0 = Debug|Any CPU
		{E1A11EEE-83E0-468A-B2A8-AD777DA60896}.Release|Any CPU.ActiveCfg = Release|Any CPU
		{E1A11EEE-83E0-468A-B2A8-AD777DA60896}.Release|Any CPU.Build.0 = Release|Any CPU
	EndGlobalSection
	GlobalSection(NestedProjects) = preSolution
		{EFAD42FF-5E3F-4AE2-9B9A-2A0CBA5CCF7B} = {0D6F2CC1-60AD-4B5C-9182-1EA16F2BEC4E}
		{F6D20652-ADB3-4E24-A94E-4BEDCFD6D98E} = {FD3908B5-B45E-42FC-94DB-35328ED1BA35}
		{EC9613FE-E0A6-41DB-A688-CEE163A1604C} = {FD3908B5-B45E-42FC-94DB-35328ED1BA35}
		{65DF2084-5B6F-4EBF-830D-0B253369A023} = {DF66FFF7-269C-4787-B1FF-77BB3B522990}
		{AE4E272E-DEEF-4C06-919F-CE9FA04ECCB0} = {4D42474F-1CF6-4D04-8410-D8F59193A70D}
		{154191CC-2786-42E2-BCB2-81A0C691FEDF} = {4D42474F-1CF6-4D04-8410-D8F59193A70D}
		{FB6EF135-4044-4886-8334-CD63ABA88149} = {4D42474F-1CF6-4D04-8410-D8F59193A70D}
		{1D31D5B6-E875-4093-B313-C80765FFE711} = {4D42474F-1CF6-4D04-8410-D8F59193A70D}
		{4551AD2C-0945-4E8F-9E64-AD734E154501} = {025F07F2-C7D2-4778-BA52-02293C3C1F9E}
		{E1A11EEE-83E0-468A-B2A8-AD777DA60896} = {0AF3DEC9-F01F-42FC-BFE9-87D06B556415}
	EndGlobalSection
EndGlobal
